
Microsoft Visual Studio Solution File, Format Version 12.00
# Visual Studio Version 17
VisualStudioVersion = 17.12.35527.113
MinimumVisualStudioVersion = 10.0.40219.1
Project("{FAE04EC0-301F-11D3-BF4B-00C04F79EFBC}") = "Jeruel.Teste", "Jeruel.Teste.csproj", "{F31CD294-278F-4AD5-967B-5D11E9BD4EA3}"
EndProject
Project("{FAE04EC0-301F-11D3-BF4B-00C04F79EFBC}") = "Jeruel.Blazor", "..\Jeruel.Blazor\Jeruel.Blazor.csproj", "{2BF3AD7A-D268-4010-B118-263DDD55E2BF}"
EndProject
Project("{FAE04EC0-301F-11D3-BF4B-00C04F79EFBC}") = "Jeruel.Function", "..\Jeruel.Function\Jeruel.Function.csproj", "{C52B55AF-3369-46BA-8BBB-ED7C898AB99F}"
EndProject
Global
	GlobalSection(SolutionConfigurationPlatforms) = preSolution
		Debug|Any CPU = Debug|Any CPU
		Release|Any CPU = Release|Any CPU
	EndGlobalSection
	GlobalSection(ProjectConfigurationPlatforms) = postSolution
		{F31CD294-278F-4AD5-967B-5D11E9BD4EA3}.Debug|Any CPU.ActiveCfg = Debug|Any CPU
		{F31CD294-278F-4AD5-967B-5D11E9BD4EA3}.Debug|Any CPU.Build.0 = Debug|Any CPU
		{F31CD294-278F-4AD5-967B-5D11E9BD4EA3}.Release|Any CPU.ActiveCfg = Release|Any CPU
		{F31CD294-278F-4AD5-967B-5D11E9BD4EA3}.Release|Any CPU.Build.0 = Release|Any CPU
		{2BF3AD7A-D268-4010-B118-263DDD55E2BF}.Debug|Any CPU.ActiveCfg = Debug|Any CPU
		{2BF3AD7A-D268-4010-B118-263DDD55E2BF}.Debug|Any CPU.Build.0 = Debug|Any CPU
		{2BF3AD7A-D268-4010-B118-263DDD55E2BF}.Release|Any CPU.ActiveCfg = Release|Any CPU
		{2BF3AD7A-D268-4010-B118-263DDD55E2BF}.Release|Any CPU.Build.0 = Release|Any CPU
		{C52B55AF-3369-46BA-8BBB-ED7C898AB99F}.Debug|Any CPU.ActiveCfg = Debug|Any CPU
		{C52B55AF-3369-46BA-8BBB-ED7C898AB99F}.Debug|Any CPU.Build.0 = Debug|Any CPU
		{C52B55AF-3369-46BA-8BBB-ED7C898AB99F}.Release|Any CPU.ActiveCfg = Release|Any CPU
		{C52B55AF-3369-46BA-8BBB-ED7C898AB99F}.Release|Any CPU.Build.0 = Release|Any CPU
	EndGlobalSection
	GlobalSection(SolutionProperties) = preSolution
		HideSolutionNode = FALSE
	EndGlobalSection
EndGlobal
